// !$*UTF8*$!
{
	archiveVersion = 1;
	classes = {
	};
	objectVersion = 55;
	objects = {

/* Begin PBXBuildFile section */
		C40DD15A2821590D00EC3F46 /* APICaller.swift in Sources */ = {isa = PBXBuildFile; fileRef = C40DD1592821590D00EC3F46 /* APICaller.swift */; };
		C40DD15C2821673C00EC3F46 /* Movie.swift in Sources */ = {isa = PBXBuildFile; fileRef = C40DD15B2821673C00EC3F46 /* Movie.swift */; };
		C4AE5645281C3AB8008F296A /* AppDelegate.swift in Sources */ = {isa = PBXBuildFile; fileRef = C4AE5644281C3AB8008F296A /* AppDelegate.swift */; };
		C4AE5647281C3AB8008F296A /* SceneDelegate.swift in Sources */ = {isa = PBXBuildFile; fileRef = C4AE5646281C3AB8008F296A /* SceneDelegate.swift */; };
		C4AE5649281C3AB8008F296A /* MainTabBarViewController.swift in Sources */ = {isa = PBXBuildFile; fileRef = C4AE5648281C3AB8008F296A /* MainTabBarViewController.swift */; };
		C4AE564E281C3AB8008F296A /* Assets.xcassets in Resources */ = {isa = PBXBuildFile; fileRef = C4AE564D281C3AB8008F296A /* Assets.xcassets */; };
		C4AE5651281C3AB8008F296A /* LaunchScreen.storyboard in Resources */ = {isa = PBXBuildFile; fileRef = C4AE564F281C3AB8008F296A /* LaunchScreen.storyboard */; };
		C4AE565A281C4A4D008F296A /* HomeViewController.swift in Sources */ = {isa = PBXBuildFile; fileRef = C4AE5659281C4A4D008F296A /* HomeViewController.swift */; };
		C4AE565C281C4AA6008F296A /* UpcomingViewController.swift in Sources */ = {isa = PBXBuildFile; fileRef = C4AE565B281C4AA6008F296A /* UpcomingViewController.swift */; };
		C4AE565E281C4AE2008F296A /* SearchViewController.swift in Sources */ = {isa = PBXBuildFile; fileRef = C4AE565D281C4AE2008F296A /* SearchViewController.swift */; };
		C4AE5662281C4C06008F296A /* DownloadsViewController.swift in Sources */ = {isa = PBXBuildFile; fileRef = C4AE5661281C4C06008F296A /* DownloadsViewController.swift */; };
		C4AE5669281C76CA008F296A /* CollectionViewTableViewCell.swift in Sources */ = {isa = PBXBuildFile; fileRef = C4AE5668281C76CA008F296A /* CollectionViewTableViewCell.swift */; };
		C4AE566B281C8901008F296A /* DrStrangeHeaderUIView.swift in Sources */ = {isa = PBXBuildFile; fileRef = C4AE566A281C8901008F296A /* DrStrangeHeaderUIView.swift */; };
/* End PBXBuildFile section */

/* Begin PBXFileReference section */
		C40DD1592821590D00EC3F46 /* APICaller.swift */ = {isa = PBXFileReference; lastKnownFileType = sourcecode.swift; path = APICaller.swift; sourceTree = "<group>"; };
		C40DD15B2821673C00EC3F46 /* Movie.swift */ = {isa = PBXFileReference; lastKnownFileType = sourcecode.swift; path = Movie.swift; sourceTree = "<group>"; };
		C4AE5641281C3AB8008F296A /* Netflix Clone.app */ = {isa = PBXFileReference; explicitFileType = wrapper.application; includeInIndex = 0; path = "Netflix Clone.app"; sourceTree = BUILT_PRODUCTS_DIR; };
		C4AE5644281C3AB8008F296A /* AppDelegate.swift */ = {isa = PBXFileReference; lastKnownFileType = sourcecode.swift; path = AppDelegate.swift; sourceTree = "<group>"; };
		C4AE5646281C3AB8008F296A /* SceneDelegate.swift */ = {isa = PBXFileReference; lastKnownFileType = sourcecode.swift; path = SceneDelegate.swift; sourceTree = "<group>"; };
		C4AE5648281C3AB8008F296A /* MainTabBarViewController.swift */ = {isa = PBXFileReference; lastKnownFileType = sourcecode.swift; path = MainTabBarViewController.swift; sourceTree = "<group>"; };
		C4AE564D281C3AB8008F296A /* Assets.xcassets */ = {isa = PBXFileReference; lastKnownFileType = folder.assetcatalog; path = Assets.xcassets; sourceTree = "<group>"; };
		C4AE5650281C3AB8008F296A /* Base */ = {isa = PBXFileReference; lastKnownFileType = file.storyboard; name = Base; path = Base.lproj/LaunchScreen.storyboard; sourceTree = "<group>"; };
		C4AE5652281C3AB8008F296A /* Info.plist */ = {isa = PBXFileReference; lastKnownFileType = text.plist.xml; path = Info.plist; sourceTree = "<group>"; };
		C4AE5659281C4A4D008F296A /* HomeViewController.swift */ = {isa = PBXFileReference; lastKnownFileType = sourcecode.swift; path = HomeViewController.swift; sourceTree = "<group>"; };
		C4AE565B281C4AA6008F296A /* UpcomingViewController.swift */ = {isa = PBXFileReference; lastKnownFileType = sourcecode.swift; path = UpcomingViewController.swift; sourceTree = "<group>"; };
		C4AE565D281C4AE2008F296A /* SearchViewController.swift */ = {isa = PBXFileReference; lastKnownFileType = sourcecode.swift; path = SearchViewController.swift; sourceTree = "<group>"; };
		C4AE5661281C4C06008F296A /* DownloadsViewController.swift */ = {isa = PBXFileReference; lastKnownFileType = sourcecode.swift; path = DownloadsViewController.swift; sourceTree = "<group>"; };
		C4AE5668281C76CA008F296A /* CollectionViewTableViewCell.swift */ = {isa = PBXFileReference; lastKnownFileType = sourcecode.swift; path = CollectionViewTableViewCell.swift; sourceTree = "<group>"; };
		C4AE566A281C8901008F296A /* DrStrangeHeaderUIView.swift */ = {isa = PBXFileReference; lastKnownFileType = sourcecode.swift; path = DrStrangeHeaderUIView.swift; sourceTree = "<group>"; };
/* End PBXFileReference section */

/* Begin PBXFrameworksBuildPhase section */
		C4AE563E281C3AB8008F296A /* Frameworks */ = {
			isa = PBXFrameworksBuildPhase;
			buildActionMask = 2147483647;
			files = (
			);
			runOnlyForDeploymentPostprocessing = 0;
		};
/* End PBXFrameworksBuildPhase section */

/* Begin PBXGroup section */
		C4AE5638281C3AB8008F296A = {
			isa = PBXGroup;
			children = (
				C4AE5643281C3AB8008F296A /* Netflix Clone */,
				C4AE5642281C3AB8008F296A /* Products */,
			);
			sourceTree = "<group>";
		};
		C4AE5642281C3AB8008F296A /* Products */ = {
			isa = PBXGroup;
			children = (
				C4AE5641281C3AB8008F296A /* Netflix Clone.app */,
			);
			name = Products;
			sourceTree = "<group>";
		};
		C4AE5643281C3AB8008F296A /* Netflix Clone */ = {
			isa = PBXGroup;
			children = (
				C4AE5667281C7660008F296A /* Managers */,
				C4AE5666281C7647008F296A /* Resources */,
				C4AE5665281C75D8008F296A /* Models */,
				C4AE5663281C75A5008F296A /* Views */,
				C4AE5664281C75BF008F296A /* ViewModels */,
				C4AE5658281C4A07008F296A /* Controllers */,
				C4AE5644281C3AB8008F296A /* AppDelegate.swift */,
				C4AE5646281C3AB8008F296A /* SceneDelegate.swift */,
				C4AE5648281C3AB8008F296A /* MainTabBarViewController.swift */,
				C4AE564D281C3AB8008F296A /* Assets.xcassets */,
				C4AE564F281C3AB8008F296A /* LaunchScreen.storyboard */,
				C4AE5652281C3AB8008F296A /* Info.plist */,
			);
			path = "Netflix Clone";
			sourceTree = "<group>";
		};
		C4AE5658281C4A07008F296A /* Controllers */ = {
			isa = PBXGroup;
			children = (
				C4AE5659281C4A4D008F296A /* HomeViewController.swift */,
				C4AE565B281C4AA6008F296A /* UpcomingViewController.swift */,
				C4AE565D281C4AE2008F296A /* SearchViewController.swift */,
				C4AE5661281C4C06008F296A /* DownloadsViewController.swift */,
			);
			path = Controllers;
			sourceTree = "<group>";
		};
		C4AE5663281C75A5008F296A /* Views */ = {
			isa = PBXGroup;
			children = (
				C4AE5668281C76CA008F296A /* CollectionViewTableViewCell.swift */,
				C4AE566A281C8901008F296A /* DrStrangeHeaderUIView.swift */,
			);
			path = Views;
			sourceTree = "<group>";
		};
		C4AE5664281C75BF008F296A /* ViewModels */ = {
			isa = PBXGroup;
			children = (
			);
			path = ViewModels;
			sourceTree = "<group>";
		};
		C4AE5665281C75D8008F296A /* Models */ = {
			isa = PBXGroup;
			children = (
				C40DD15B2821673C00EC3F46 /* Movie.swift */,
			);
			path = Models;
			sourceTree = "<group>";
		};
		C4AE5666281C7647008F296A /* Resources */ = {
			isa = PBXGroup;
			children = (
			);
			path = Resources;
			sourceTree = "<group>";
		};
		C4AE5667281C7660008F296A /* Managers */ = {
			isa = PBXGroup;
			children = (
				C40DD1592821590D00EC3F46 /* APICaller.swift */,
			);
			path = Managers;
			sourceTree = "<group>";
		};
/* End PBXGroup section */

/* Begin PBXNativeTarget section */
		C4AE5640281C3AB8008F296A /* Netflix Clone */ = {
			isa = PBXNativeTarget;
			buildConfigurationList = C4AE5655281C3AB8008F296A /* Build configuration list for PBXNativeTarget "Netflix Clone" */;
			buildPhases = (
				C4AE563D281C3AB8008F296A /* Sources */,
				C4AE563E281C3AB8008F296A /* Frameworks */,
				C4AE563F281C3AB8008F296A /* Resources */,
			);
			buildRules = (
			);
			dependencies = (
			);
			name = "Netflix Clone";
			productName = "Netflix Clone";
			productReference = C4AE5641281C3AB8008F296A /* Netflix Clone.app */;
			productType = "com.apple.product-type.application";
		};
/* End PBXNativeTarget section */

/* Begin PBXProject section */
		C4AE5639281C3AB8008F296A /* Project object */ = {
			isa = PBXProject;
			attributes = {
				BuildIndependentTargetsInParallel = 1;
				LastSwiftUpdateCheck = 1320;
				LastUpgradeCheck = 1320;
				TargetAttributes = {
					C4AE5640281C3AB8008F296A = {
						CreatedOnToolsVersion = 13.2.1;
					};
				};
			};
			buildConfigurationList = C4AE563C281C3AB8008F296A /* Build configuration list for PBXProject "Netflix Clone" */;
			compatibilityVersion = "Xcode 13.0";
			developmentRegion = en;
			hasScannedForEncodings = 0;
			knownRegions = (
				en,
				Base,
			);
			mainGroup = C4AE5638281C3AB8008F296A;
			productRefGroup = C4AE5642281C3AB8008F296A /* Products */;
			projectDirPath = "";
			projectRoot = "";
			targets = (
				C4AE5640281C3AB8008F296A /* Netflix Clone */,
			);
		};
/* End PBXProject section */

/* Begin PBXResourcesBuildPhase section */
		C4AE563F281C3AB8008F296A /* Resources */ = {
			isa = PBXResourcesBuildPhase;
			buildActionMask = 2147483647;
			files = (
				C4AE5651281C3AB8008F296A /* LaunchScreen.storyboard in Resources */,
				C4AE564E281C3AB8008F296A /* Assets.xcassets in Resources */,
			);
			runOnlyForDeploymentPostprocessing = 0;
		};
/* End PBXResourcesBuildPhase section */

/* Begin PBXSourcesBuildPhase section */
		C4AE563D281C3AB8008F296A /* Sources */ = {
			isa = PBXSourcesBuildPhase;
			buildActionMask = 2147483647;
			files = (
				C4AE565E281C4AE2008F296A /* SearchViewController.swift in Sources */,
				C4AE5649281C3AB8008F296A /* MainTabBarViewController.swift in Sources */,
				C4AE5669281C76CA008F296A /* CollectionViewTableViewCell.swift in Sources */,
				C40DD15A2821590D00EC3F46 /* APICaller.swift in Sources */,
				C4AE566B281C8901008F296A /* DrStrangeHeaderUIView.swift in Sources */,
				C4AE5662281C4C06008F296A /* DownloadsViewController.swift in Sources */,
				C4AE5645281C3AB8008F296A /* AppDelegate.swift in Sources */,
				C4AE5647281C3AB8008F296A /* SceneDelegate.swift in Sources */,
				C4AE565C281C4AA6008F296A /* UpcomingViewController.swift in Sources */,
				C40DD15C2821673C00EC3F46 /* Movie.swift in Sources */,
				C4AE565A281C4A4D008F296A /* HomeViewController.swift in Sources */,
			);
			runOnlyForDeploymentPostprocessing = 0;
		};
/* End PBXSourcesBuildPhase section */

/* Begin PBXVariantGroup section */
		C4AE564F281C3AB8008F296A /* LaunchScreen.storyboard */ = {
			isa = PBXVariantGroup;
			children = (
				C4AE5650281C3AB8008F296A /* Base */,
			);
			name = LaunchScreen.storyboard;
			sourceTree = "<group>";
		};
/* End PBXVariantGroup section */

/* Begin XCBuildConfiguration section */
		C4AE5653281C3AB8008F296A /* Debug */ = {
			isa = XCBuildConfiguration;
			buildSettings = {
				ALWAYS_SEARCH_USER_PATHS = NO;
				CLANG_ANALYZER_NONNULL = YES;
				CLANG_ANALYZER_NUMBER_OBJECT_CONVERSION = YES_AGGRESSIVE;
				CLANG_CXX_LANGUAGE_STANDARD = "gnu++17";
				CLANG_CXX_LIBRARY = "libc++";
				CLANG_ENABLE_MODULES = YES;
				CLANG_ENABLE_OBJC_ARC = YES;
				CLANG_ENABLE_OBJC_WEAK = YES;
				CLANG_WARN_BLOCK_CAPTURE_AUTORELEASING = YES;
				CLANG_WARN_BOOL_CONVERSION = YES;
				CLANG_WARN_COMMA = YES;
				CLANG_WARN_CONSTANT_CONVERSION = YES;
				CLANG_WARN_DEPRECATED_OBJC_IMPLEMENTATIONS = YES;
				CLANG_WARN_DIRECT_OBJC_ISA_USAGE = YES_ERROR;
				CLANG_WARN_DOCUMENTATION_COMMENTS = YES;
				CLANG_WARN_EMPTY_BODY = YES;
				CLANG_WARN_ENUM_CONVERSION = YES;
				CLANG_WARN_INFINITE_RECURSION = YES;
				CLANG_WARN_INT_CONVERSION = YES;
				CLANG_WARN_NON_LITERAL_NULL_CONVERSION = YES;
				CLANG_WARN_OBJC_IMPLICIT_RETAIN_SELF = YES;
				CLANG_WARN_OBJC_LITERAL_CONVERSION = YES;
				CLANG_WARN_OBJC_ROOT_CLASS = YES_ERROR;
				CLANG_WARN_QUOTED_INCLUDE_IN_FRAMEWORK_HEADER = YES;
				CLANG_WARN_RANGE_LOOP_ANALYSIS = YES;
				CLANG_WARN_STRICT_PROTOTYPES = YES;
				CLANG_WARN_SUSPICIOUS_MOVE = YES;
				CLANG_WARN_UNGUARDED_AVAILABILITY = YES_AGGRESSIVE;
				CLANG_WARN_UNREACHABLE_CODE = YES;
				CLANG_WARN__DUPLICATE_METHOD_MATCH = YES;
				COPY_PHASE_STRIP = NO;
				DEBUG_INFORMATION_FORMAT = dwarf;
				ENABLE_STRICT_OBJC_MSGSEND = YES;
				ENABLE_TESTABILITY = YES;
				GCC_C_LANGUAGE_STANDARD = gnu11;
				GCC_DYNAMIC_NO_PIC = NO;
				GCC_NO_COMMON_BLOCKS = YES;
				GCC_OPTIMIZATION_LEVEL = 0;
				GCC_PREPROCESSOR_DEFINITIONS = (
					"DEBUG=1",
					"$(inherited)",
				);
				GCC_WARN_64_TO_32_BIT_CONVERSION = YES;
				GCC_WARN_ABOUT_RETURN_TYPE = YES_ERROR;
				GCC_WARN_UNDECLARED_SELECTOR = YES;
				GCC_WARN_UNINITIALIZED_AUTOS = YES_AGGRESSIVE;
				GCC_WARN_UNUSED_FUNCTION = YES;
				GCC_WARN_UNUSED_VARIABLE = YES;
				IPHONEOS_DEPLOYMENT_TARGET = 15.2;
				MTL_ENABLE_DEBUG_INFO = INCLUDE_SOURCE;
				MTL_FAST_MATH = YES;
				ONLY_ACTIVE_ARCH = YES;
				SDKROOT = iphoneos;
				SWIFT_ACTIVE_COMPILATION_CONDITIONS = DEBUG;
				SWIFT_OPTIMIZATION_LEVEL = "-Onone";
			};
			name = Debug;
		};
		C4AE5654281C3AB8008F296A /* Release */ = {
			isa = XCBuildConfiguration;
			buildSettings = {
				ALWAYS_SEARCH_USER_PATHS = NO;
				CLANG_ANALYZER_NONNULL = YES;
				CLANG_ANALYZER_NUMBER_OBJECT_CONVERSION = YES_AGGRESSIVE;
				CLANG_CXX_LANGUAGE_STANDARD = "gnu++17";
				CLANG_CXX_LIBRARY = "libc++";
				CLANG_ENABLE_MODULES = YES;
				CLANG_ENABLE_OBJC_ARC = YES;
				CLANG_ENABLE_OBJC_WEAK = YES;
				CLANG_WARN_BLOCK_CAPTURE_AUTORELEASING = YES;
				CLANG_WARN_BOOL_CONVERSION = YES;
				CLANG_WARN_COMMA = YES;
				CLANG_WARN_CONSTANT_CONVERSION = YES;
				CLANG_WARN_DEPRECATED_OBJC_IMPLEMENTATIONS = YES;
				CLANG_WARN_DIRECT_OBJC_ISA_USAGE = YES_ERROR;
				CLANG_WARN_DOCUMENTATION_COMMENTS = YES;
				CLANG_WARN_EMPTY_BODY = YES;
				CLANG_WARN_ENUM_CONVERSION = YES;
				CLANG_WARN_INFINITE_RECURSION = YES;
				CLANG_WARN_INT_CONVERSION = YES;
				CLANG_WARN_NON_LITERAL_NULL_CONVERSION = YES;
				CLANG_WARN_OBJC_IMPLICIT_RETAIN_SELF = YES;
				CLANG_WARN_OBJC_LITERAL_CONVERSION = YES;
				CLANG_WARN_OBJC_ROOT_CLASS = YES_ERROR;
				CLANG_WARN_QUOTED_INCLUDE_IN_FRAMEWORK_HEADER = YES;
				CLANG_WARN_RANGE_LOOP_ANALYSIS = YES;
				CLANG_WARN_STRICT_PROTOTYPES = YES;
				CLANG_WARN_SUSPICIOUS_MOVE = YES;
				CLANG_WARN_UNGUARDED_AVAILABILITY = YES_AGGRESSIVE;
				CLANG_WARN_UNREACHABLE_CODE = YES;
				CLANG_WARN__DUPLICATE_METHOD_MATCH = YES;
				COPY_PHASE_STRIP = NO;
				DEBUG_INFORMATION_FORMAT = "dwarf-with-dsym";
				ENABLE_NS_ASSERTIONS = NO;
				ENABLE_STRICT_OBJC_MSGSEND = YES;
				GCC_C_LANGUAGE_STANDARD = gnu11;
				GCC_NO_COMMON_BLOCKS = YES;
				GCC_WARN_64_TO_32_BIT_CONVERSION = YES;
				GCC_WARN_ABOUT_RETURN_TYPE = YES_ERROR;
				GCC_WARN_UNDECLARED_SELECTOR = YES;
				GCC_WARN_UNINITIALIZED_AUTOS = YES_AGGRESSIVE;
				GCC_WARN_UNUSED_FUNCTION = YES;
				GCC_WARN_UNUSED_VARIABLE = YES;
				IPHONEOS_DEPLOYMENT_TARGET = 15.2;
				MTL_ENABLE_DEBUG_INFO = NO;
				MTL_FAST_MATH = YES;
				SDKROOT = iphoneos;
				SWIFT_COMPILATION_MODE = wholemodule;
				SWIFT_OPTIMIZATION_LEVEL = "-O";
				VALIDATE_PRODUCT = YES;
			};
			name = Release;
		};
		C4AE5656281C3AB8008F296A /* Debug */ = {
			isa = XCBuildConfiguration;
			buildSettings = {
				ASSETCATALOG_COMPILER_APPICON_NAME = AppIcon;
				ASSETCATALOG_COMPILER_GLOBAL_ACCENT_COLOR_NAME = AccentColor;
				CODE_SIGN_STYLE = Automatic;
				CURRENT_PROJECT_VERSION = 1;
				DEVELOPMENT_TEAM = CRW4G98LL8;
				GENERATE_INFOPLIST_FILE = YES;
				INFOPLIST_FILE = "Netflix Clone/Info.plist";
				INFOPLIST_KEY_UIApplicationSupportsIndirectInputEvents = YES;
				INFOPLIST_KEY_UILaunchStoryboardName = LaunchScreen;
				INFOPLIST_KEY_UISupportedInterfaceOrientations_iPad = "UIInterfaceOrientationPortrait UIInterfaceOrientationPortraitUpsideDown UIInterfaceOrientationLandscapeLeft UIInterfaceOrientationLandscapeRight";
				INFOPLIST_KEY_UISupportedInterfaceOrientations_iPhone = "UIInterfaceOrientationPortrait UIInterfaceOrientationLandscapeLeft UIInterfaceOrientationLandscapeRight";
				LD_RUNPATH_SEARCH_PATHS = (
					"$(inherited)",
					"@executable_path/Frameworks",
				);
				MARKETING_VERSION = 1.0;
				PRODUCT_BUNDLE_IDENTIFIER = "com.gizemturker.Netflix-Clone";
				PRODUCT_NAME = "$(TARGET_NAME)";
				SWIFT_EMIT_LOC_STRINGS = YES;
				SWIFT_VERSION = 5.0;
				TARGETED_DEVICE_FAMILY = "1,2";
			};
			name = Debug;
		};
		C4AE5657281C3AB8008F296A /* Release */ = {
			isa = XCBuildConfiguration;
			buildSettings = {
				ASSETCATALOG_COMPILER_APPICON_NAME = AppIcon;
				ASSETCATALOG_COMPILER_GLOBAL_ACCENT_COLOR_NAME = AccentColor;
				CODE_SIGN_STYLE = Automatic;
				CURRENT_PROJECT_VERSION = 1;
				DEVELOPMENT_TEAM = CRW4G98LL8;
				GENERATE_INFOPLIST_FILE = YES;
				INFOPLIST_FILE = "Netflix Clone/Info.plist";
				INFOPLIST_KEY_UIApplicationSupportsIndirectInputEvents = YES;
				INFOPLIST_KEY_UILaunchStoryboardName = LaunchScreen;
				INFOPLIST_KEY_UISupportedInterfaceOrientations_iPad = "UIInterfaceOrientationPortrait UIInterfaceOrientationPortraitUpsideDown UIInterfaceOrientationLandscapeLeft UIInterfaceOrientationLandscapeRight";
				INFOPLIST_KEY_UISupportedInterfaceOrientations_iPhone = "UIInterfaceOrientationPortrait UIInterfaceOrientationLandscapeLeft UIInterfaceOrientationLandscapeRight";
				LD_RUNPATH_SEARCH_PATHS = (
					"$(inherited)",
					"@executable_path/Frameworks",
				);
				MARKETING_VERSION = 1.0;
				PRODUCT_BUNDLE_IDENTIFIER = "com.gizemturker.Netflix-Clone";
				PRODUCT_NAME = "$(TARGET_NAME)";
				SWIFT_EMIT_LOC_STRINGS = YES;
				SWIFT_VERSION = 5.0;
				TARGETED_DEVICE_FAMILY = "1,2";
			};
			name = Release;
		};
/* End XCBuildConfiguration section */

/* Begin XCConfigurationList section */
		C4AE563C281C3AB8008F296A /* Build configuration list for PBXProject "Netflix Clone" */ = {
			isa = XCConfigurationList;
			buildConfigurations = (
				C4AE5653281C3AB8008F296A /* Debug */,
				C4AE5654281C3AB8008F296A /* Release */,
			);
			defaultConfigurationIsVisible = 0;
			defaultConfigurationName = Release;
		};
		C4AE5655281C3AB8008F296A /* Build configuration list for PBXNativeTarget "Netflix Clone" */ = {
			isa = XCConfigurationList;
			buildConfigurations = (
				C4AE5656281C3AB8008F296A /* Debug */,
				C4AE5657281C3AB8008F296A /* Release */,
			);
			defaultConfigurationIsVisible = 0;
			defaultConfigurationName = Release;
		};
/* End XCConfigurationList section */
	};
	rootObject = C4AE5639281C3AB8008F296A /* Project object */;
}
